
Microsoft Visual Studio Solution File, Format Version 12.00
# Visual Studio Version 17
VisualStudioVersion = 17.12.35527.113
MinimumVisualStudioVersion = 10.0.40219.1
Project("{2150E333-8FDC-42A3-9474-1A3956D46DE8}") = "01-Webapi", "01-Webapi", "{44CFAAA4-1FD4-4E3D-940C-CDCB55B06B3F}"
EndProject
Project("{2150E333-8FDC-42A3-9474-1A3956D46DE8}") = "02-CL-Manager", "02-CL-Manager", "{D24AD059-E2B1-4DAE-8C9B-FD15207220E4}"
EndProject
Project("{2150E333-8FDC-42A3-9474-1A3956D46DE8}") = "03-CL-Data", "03-CL-Data", "{139498FD-B422-40E8-864D-9BEB917D041F}"
EndProject
Project("{2150E333-8FDC-42A3-9474-1A3956D46DE8}") = "04-CL-Core", "04-CL-Core", "{C89ACF8C-D014-4EC1-A904-65D79B792008}"
EndProject
Project("{2150E333-8FDC-42A3-9474-1A3956D46DE8}") = "05-CL-Teste", "05-CL-Teste", "{0C0298EC-447C-47D7-9FC5-6136204E1DDB}"
EndProject
Project("{FAE04EC0-301F-11D3-BF4B-00C04F79EFBC}") = "CL-Manager", "CL-Manager\CL-Manager.csproj", "{5454246D-E110-4AF2-BF40-BEC7513D42FF}"
EndProject
Project("{FAE04EC0-301F-11D3-BF4B-00C04F79EFBC}") = "CL-Data", "CL-Data\CL-Data.csproj", "{5923F174-6FF1-47A5-BF52-BAB63E9ED0E2}"
EndProject
Project("{FAE04EC0-301F-11D3-BF4B-00C04F79EFBC}") = "CL-Core", "CL-Core\CL-Core.csproj", "{EA23A015-21A1-44A8-AB24-9D7E50F91D70}"
EndProject
Project("{FAE04EC0-301F-11D3-BF4B-00C04F79EFBC}") = "CL-WebApi", "CL-WebApi\CL-WebApi.csproj", "{E8EDD0B3-DEE9-4F3F-BE19-378050F3130E}"
EndProject
Project("{FAE04EC0-301F-11D3-BF4B-00C04F79EFBC}") = "Cl.Core.Shared", "Cl.Core.Shared\Cl.Core.Shared.csproj", "{78000C2E-1EDB-40AB-87F7-EB594073635A}"
EndProject
Project("{FAE04EC0-301F-11D3-BF4B-00C04F79EFBC}") = "CL.WebApi.Tests", "CL.WebApi.Tests\CL.WebApi.Tests.csproj", "{E5F03F7B-E251-468D-BA22-A92729FDCBBB}"
EndProject
Project("{FAE04EC0-301F-11D3-BF4B-00C04F79EFBC}") = "Cl.FakeData", "Cl.FakeData\Cl.FakeData.csproj", "{1E8A2928-ADE5-43F0-9068-BC0DF3C5D94E}"
EndProject
Global
	GlobalSection(SolutionConfigurationPlatforms) = preSolution
		Debug|Any CPU = Debug|Any CPU
		Release|Any CPU = Release|Any CPU
	EndGlobalSection
	GlobalSection(ProjectConfigurationPlatforms) = postSolution
		{5454246D-E110-4AF2-BF40-BEC7513D42FF}.Debug|Any CPU.ActiveCfg = Debug|Any CPU
		{5454246D-E110-4AF2-BF40-BEC7513D42FF}.Debug|Any CPU.Build.0 = Debug|Any CPU
		{5454246D-E110-4AF2-BF40-BEC7513D42FF}.Release|Any CPU.ActiveCfg = Release|Any CPU
		{5454246D-E110-4AF2-BF40-BEC7513D42FF}.Release|Any CPU.Build.0 = Release|Any CPU
		{5923F174-6FF1-47A5-BF52-BAB63E9ED0E2}.Debug|Any CPU.ActiveCfg = Debug|Any CPU
		{5923F174-6FF1-47A5-BF52-BAB63E9ED0E2}.Debug|Any CPU.Build.0 = Debug|Any CPU
		{5923F174-6FF1-47A5-BF52-BAB63E9ED0E2}.Release|Any CPU.ActiveCfg = Release|Any CPU
		{5923F174-6FF1-47A5-BF52-BAB63E9ED0E2}.Release|Any CPU.Build.0 = Release|Any CPU
		{EA23A015-21A1-44A8-AB24-9D7E50F91D70}.Debug|Any CPU.ActiveCfg = Debug|Any CPU
		{EA23A015-21A1-44A8-AB24-9D7E50F91D70}.Debug|Any CPU.Build.0 = Debug|Any CPU
		{EA23A015-21A1-44A8-AB24-9D7E50F91D70}.Release|Any CPU.ActiveCfg = Release|Any CPU
		{EA23A015-21A1-44A8-AB24-9D7E50F91D70}.Release|Any CPU.Build.0 = Release|Any CPU
		{E8EDD0B3-DEE9-4F3F-BE19-378050F3130E}.Debug|Any CPU.ActiveCfg = Debug|Any CPU
		{E8EDD0B3-DEE9-4F3F-BE19-378050F3130E}.Debug|Any CPU.Build.0 = Debug|Any CPU
		{E8EDD0B3-DEE9-4F3F-BE19-378050F3130E}.Release|Any CPU.ActiveCfg = Release|Any CPU
		{E8EDD0B3-DEE9-4F3F-BE19-378050F3130E}.Release|Any CPU.Build.0 = Release|Any CPU
		{78000C2E-1EDB-40AB-87F7-EB594073635A}.Debug|Any CPU.ActiveCfg = Debug|Any CPU
		{78000C2E-1EDB-40AB-87F7-EB594073635A}.Debug|Any CPU.Build.0 = Debug|Any CPU
		{78000C2E-1EDB-40AB-87F7-EB594073635A}.Release|Any CPU.ActiveCfg = Release|Any CPU
		{78000C2E-1EDB-40AB-87F7-EB594073635A}.Release|Any CPU.Build.0 = Release|Any CPU
		{E5F03F7B-E251-468D-BA22-A92729FDCBBB}.Debug|Any CPU.ActiveCfg = Debug|Any CPU
		{E5F03F7B-E251-468D-BA22-A92729FDCBBB}.Debug|Any CPU.Build.0 = Debug|Any CPU
		{E5F03F7B-E251-468D-BA22-A92729FDCBBB}.Release|Any CPU.ActiveCfg = Release|Any CPU
		{E5F03F7B-E251-468D-BA22-A92729FDCBBB}.Release|Any CPU.Build.0 = Release|Any CPU
		{1E8A2928-ADE5-43F0-9068-BC0DF3C5D94E}.Debug|Any CPU.ActiveCfg = Debug|Any CPU
		{1E8A2928-ADE5-43F0-9068-BC0DF3C5D94E}.Debug|Any CPU.Build.0 = Debug|Any CPU
		{1E8A2928-ADE5-43F0-9068-BC0DF3C5D94E}.Release|Any CPU.ActiveCfg = Release|Any CPU
		{1E8A2928-ADE5-43F0-9068-BC0DF3C5D94E}.Release|Any CPU.Build.0 = Release|Any CPU
	EndGlobalSection
	GlobalSection(SolutionProperties) = preSolution
		HideSolutionNode = FALSE
	EndGlobalSection
	GlobalSection(NestedProjects) = preSolution
		{5454246D-E110-4AF2-BF40-BEC7513D42FF} = {D24AD059-E2B1-4DAE-8C9B-FD15207220E4}
		{5923F174-6FF1-47A5-BF52-BAB63E9ED0E2} = {139498FD-B422-40E8-864D-9BEB917D041F}
		{EA23A015-21A1-44A8-AB24-9D7E50F91D70} = {C89ACF8C-D014-4EC1-A904-65D79B792008}
		{E8EDD0B3-DEE9-4F3F-BE19-378050F3130E} = {44CFAAA4-1FD4-4E3D-940C-CDCB55B06B3F}
		{78000C2E-1EDB-40AB-87F7-EB594073635A} = {C89ACF8C-D014-4EC1-A904-65D79B792008}
		{E5F03F7B-E251-468D-BA22-A92729FDCBBB} = {0C0298EC-447C-47D7-9FC5-6136204E1DDB}
		{1E8A2928-ADE5-43F0-9068-BC0DF3C5D94E} = {0C0298EC-447C-47D7-9FC5-6136204E1DDB}
	EndGlobalSection
	GlobalSection(ExtensibilityGlobals) = postSolution
		SolutionGuid = {0B980805-949D-4CF5-93B8-33445331043A}
	EndGlobalSection
EndGlobal
